hash: 3afd60486716aa205a8e26275c85917a9e4b36a24543d66ce6e9237db13a08d2
updated: 2016-12-06T22:09:31.565877339Z
imports:
- name: cloud.google.com/go
  version: debdc0ca0113dd546ebebeb2000c9d938059f41d
  subpackages:
  - compute/metadata
  - internal
  - internal/bundler
  - trace
- name: github.com/certifi/gocertifi
  version: a61bf5eafa3aee233ec8043e9da052447e5463dd
- name: github.com/dgrijalva/jwt-go
  version: d2709f9f1f31ebcda9651b03077758c1f3a0018c
- name: github.com/dpapathanasiou/go-recaptcha
  version: 962f1d77fed91285eb86c988e3ae8e7948e554c8
- name: github.com/elazarl/go-bindata-assetfs
  version: 9a6736ed45b44bf3835afeebb3034b57ed329f3e
  subpackages:
  - '...'
- name: github.com/fatih/structs
  version: dc3312cb1a4513a366c4c9e622ad55c32df12ed3
- name: github.com/getsentry/raven-go
  version: 379f8d0a68ca237cf8893a1cdfd4f574125e2c51
- name: github.com/go-gorp/gorp
  version: c87af80f3cc5036b55b83d77171e156791085e2e
- name: github.com/go-sql-driver/mysql
  version: 0b58b37b664c21f3010e836f1b931e1d0b0b0685
- name: github.com/gogo/protobuf
  version: a9cd0c35b97daf74d0ebf3514c5254814b2703b4
  subpackages:
  - '...'
  - gogoproto
  - proto
  - protoc-gen-gogo/descriptor
  - sortkeys
  - types
- name: github.com/golang/appengine
  version: 926995697fa8241be2dc73eb318666e24f44ed51
- name: github.com/golang/glog
  version: 23def4e6c14b4da8ac2ed8007337bc5eb5007998
- name: github.com/golang/oauth2
  version: 3c3a985cb79f52a3190fbc056984415ca6763d01
- name: github.com/golang/protobuf
  version: df1d3ca07d2d07bba352d5b73c4313b4e2a6203e
  subpackages:
  - '...'
  - jsonpb
  - proto
  - protoc-gen-go/descriptor
  - ptypes/empty
  - ptypes/timestamp
- name: github.com/google/go-querystring
  version: 9235644dd9e52eeae6fa48efd539fdc351a0af53
  subpackages:
  - '...'
  - query
- name: github.com/google/google-api-go-client
  version: adba394bac5800ff2e620d040e9401528f5b7615
  subpackages:
  - '...'
- name: github.com/gorilla/context
  version: 08b5f424b9271eedf6f9f0ce86cb9396ed337a42
- name: github.com/gorilla/csrf
  version: 50eb875b7d37289a5819742f0d60fa5c890fced9
- name: github.com/gorilla/mux
  version: 0eeaf8392f5b04950925b8a69fe70f110fa7cbfc
- name: github.com/gorilla/securecookie
  version: 667fe4e3466a040b780561fe9b51a83a3753eefc
- name: github.com/gorilla/sessions
  version: ca9ada44574153444b00d3fd9c8559e4cc95f896
- name: github.com/grpc-ecosystem/grpc-gateway
  version: a8f25bd1ab549f8b87afd48aa9181221e9d439bb
  subpackages:
  - '...'
  - runtime
  - runtime/internal
  - third_party/googleapis/google/api
  - utilities
- name: github.com/grpc/grpc-go
  version: 708a7f9f3283aa2d4f6132d287d78683babe55c8
  subpackages:
  - '...'
- name: github.com/intercom/intercom-go
  version: 2f809a5bfee1c01cbef2dd76453ef0f9123e289e
- name: github.com/jteeuwen/go-bindata
  version: bbd0c6e271208dce66d8fda4bc536453cd27fc4a
  subpackages:
  - '...'
- name: github.com/keighl/mandrill
  version: 6a59523fcf7d27e9230141f0e2563ba976a92b8f
- name: github.com/pkg/errors
  version: 645ef00459ed84a119197bfb8d8205042c6df63d
- name: github.com/russross/blackfriday
  version: 5f33e7b7878355cd2b7e6b8eefc48a5472c69f70
- name: github.com/shurcooL/sanitized_anchor_name
  version: 1dba4b3954bc059efc3991ec364f9f9a35f597d2
- name: github.com/Sirupsen/logrus
  version: 4b6ea7319e214d98c938f12692336f7ca9348d6b
- name: github.com/stretchr/testify
  version: f390dcf405f7b83c997eac1b06768bb9f44dec18
  subpackages:
  - assert
- name: github.com/ttacon/builder
  version: 7f152c3cf4714fd6318739f8f3dbcd14c2a18b39
- name: github.com/ttacon/libphonenumber
  version: 5cb77679a4c77d45f2496c9ed8e60b5eec03bb47
- name: github.com/urfave/negroni
  version: fde5e16d32adc7ad637e9cd9ad21d4ebc6192535
- name: golang.org/x/crypto
  version: 7682e7e3945130cf3cde089834664f68afdd1523
  subpackages:
  - bcrypt
  - blowfish
- name: golang.org/x/net
  version: ffe101cce3477a6c6d8f0754d103bb0a84ec1266
  subpackages:
  - context
  - context/ctxhttp
  - html
  - html/atom
  - http2
  - http2/hpack
  - idna
  - internal/timeseries
  - lex/httplex
  - trace
- name: golang.org/x/oauth2
  version: 3c3a985cb79f52a3190fbc056984415ca6763d01
  subpackages:
  - google
  - internal
  - jws
  - jwt
- name: golang.org/x/sys
  version: 8f0908ab3b2457e2e15403d3697c9ef5cb4b57a9
  subpackages:
  - unix
- name: golang.org/x/time
  version: 711ca1cb87636abec28122ef3bc6a77269d433f3
  subpackages:
  - rate
- name: google.golang.org/api
  version: adba394bac5800ff2e620d040e9401528f5b7615
  subpackages:
  - cloudtrace/v1
  - gensupport
  - googleapi
  - googleapi/internal/uritemplates
  - internal
  - option
  - transport
- name: google.golang.org/appengine
  version: 926995697fa8241be2dc73eb318666e24f44ed51
  subpackages:
  - internal
  - internal/app_identity
  - internal/base
  - internal/datastore
  - internal/log
  - internal/modules
  - internal/remote_api
  - internal/socket
  - internal/urlfetch
  - socket
  - urlfetch
- name: google.golang.org/grpc
  version: 708a7f9f3283aa2d4f6132d287d78683babe55c8
  subpackages:
  - '...'
  - codes
  - credentials
  - credentials/oauth
  - grpclog
  - internal
  - metadata
  - naming
  - peer
  - stats
  - tap
  - transport
- name: gopkg.in/intercom/intercom-go.v2
  version: 2f809a5bfee1c01cbef2dd76453ef0f9123e289e
  subpackages:
  - interfaces
testImports:
- name: github.com/davecgh/go-spew
  version: 2df174808ee097f90d259e432cc04442cf60be21
  subpackages:
  - spew
- name: github.com/pmezard/go-difflib
  version: d8ed2627bdf02c080bf22230dbb337003b7aba2d
  subpackages:
  - difflib
